# This file is automatically @generated by Cargo.
# It is not intended for manual editing.
version = 3

[[package]]
name = "capturing-glob"
version = "0.1.1"
source = "registry+https://github.com/rust-lang/crates.io-index"
checksum = "a9a4471dc30ffbbe4ce4c5a7c68fd77d98651517b9ff8bf499de82e041bad2e3"

[[package]]
name = "configman"
version = "0.1.0"
dependencies = [
 "capturing-glob",
]
